// !$*UTF8*$!
{
	archiveVersion = 1;
	classes = {
	};
	objectVersion = 50;
	objects = {

/* Begin PBXBuildFile section */
		175C23BE259E0F220050530B /* AppDelegate.swift in Sources */ = {isa = PBXBuildFile; fileRef = 175C23BD259E0F220050530B /* AppDelegate.swift */; };
		175C23C0259E0F220050530B /* SceneDelegate.swift in Sources */ = {isa = PBXBuildFile; fileRef = 175C23BF259E0F220050530B /* SceneDelegate.swift */; };
		175C23C7259E0F230050530B /* Assets.xcassets in Resources */ = {isa = PBXBuildFile; fileRef = 175C23C6259E0F230050530B /* Assets.xcassets */; };
		175C23CA259E0F230050530B /* LaunchScreen.storyboard in Resources */ = {isa = PBXBuildFile; fileRef = 175C23C8259E0F230050530B /* LaunchScreen.storyboard */; };
		175C23D3259F31240050530B /* MoviesListViewController.swift in Sources */ = {isa = PBXBuildFile; fileRef = 175C23D1259F31240050530B /* MoviesListViewController.swift */; };
		175C23D4259F31240050530B /* MoviesListViewController.xib in Resources */ = {isa = PBXBuildFile; fileRef = 175C23D2259F31240050530B /* MoviesListViewController.xib */; };
		175C23D7259F3B0A0050530B /* MovieCollectionViewCell.swift in Sources */ = {isa = PBXBuildFile; fileRef = 175C23D5259F3B0A0050530B /* MovieCollectionViewCell.swift */; };
		175C23D8259F3B0A0050530B /* MovieCollectionViewCell.xib in Resources */ = {isa = PBXBuildFile; fileRef = 175C23D6259F3B0A0050530B /* MovieCollectionViewCell.xib */; };
		175C23DA259FC0750050530B /* MoviesResponse.swift in Sources */ = {isa = PBXBuildFile; fileRef = 175C23D9259FC0750050530B /* MoviesResponse.swift */; };
		175C23DC259FC0AC0050530B /* Movie.swift in Sources */ = {isa = PBXBuildFile; fileRef = 175C23DB259FC0AC0050530B /* Movie.swift */; };
		175C23DE259FC4190050530B /* MovieServiceAPI.swift in Sources */ = {isa = PBXBuildFile; fileRef = 175C23DD259FC4190050530B /* MovieServiceAPI.swift */; };
		175C23EF25A114BF0050530B /* MovieDetailViewController.swift in Sources */ = {isa = PBXBuildFile; fileRef = 175C23ED25A114BF0050530B /* MovieDetailViewController.swift */; };
		175C23F025A114BF0050530B /* MovieDetailViewController.xib in Resources */ = {isa = PBXBuildFile; fileRef = 175C23EE25A114BF0050530B /* MovieDetailViewController.xib */; };
		175C23F225A1BECB0050530B /* MovieDetail.swift in Sources */ = {isa = PBXBuildFile; fileRef = 175C23F125A1BECB0050530B /* MovieDetail.swift */; };
/* End PBXBuildFile section */

/* Begin PBXFileReference section */
		175C23BA259E0F220050530B /* SimpleProjectChallenge.app */ = {isa = PBXFileReference; explicitFileType = wrapper.application; includeInIndex = 0; path = SimpleProjectChallenge.app; sourceTree = BUILT_PRODUCTS_DIR; };
		175C23BD259E0F220050530B /* AppDelegate.swift */ = {isa = PBXFileReference; lastKnownFileType = sourcecode.swift; path = AppDelegate.swift; sourceTree = "<group>"; };
		175C23BF259E0F220050530B /* SceneDelegate.swift */ = {isa = PBXFileReference; lastKnownFileType = sourcecode.swift; path = SceneDelegate.swift; sourceTree = "<group>"; };
		175C23C6259E0F230050530B /* Assets.xcassets */ = {isa = PBXFileReference; lastKnownFileType = folder.assetcatalog; path = Assets.xcassets; sourceTree = "<group>"; };
		175C23C9259E0F230050530B /* Base */ = {isa = PBXFileReference; lastKnownFileType = file.storyboard; name = Base; path = Base.lproj/LaunchScreen.storyboard; sourceTree = "<group>"; };
		175C23CB259E0F230050530B /* Info.plist */ = {isa = PBXFileReference; lastKnownFileType = text.plist.xml; name = Info.plist; path = SimpleProjectChallenge/Resources/Info.plist; sourceTree = SOURCE_ROOT; };
		175C23D1259F31240050530B /* MoviesListViewController.swift */ = {isa = PBXFileReference; lastKnownFileType = sourcecode.swift; path = MoviesListViewController.swift; sourceTree = "<group>"; };
		175C23D2259F31240050530B /* MoviesListViewController.xib */ = {isa = PBXFileReference; lastKnownFileType = file.xib; path = MoviesListViewController.xib; sourceTree = "<group>"; };
		175C23D5259F3B0A0050530B /* MovieCollectionViewCell.swift */ = {isa = PBXFileReference; lastKnownFileType = sourcecode.swift; path = MovieCollectionViewCell.swift; sourceTree = "<group>"; };
		175C23D6259F3B0A0050530B /* MovieCollectionViewCell.xib */ = {isa = PBXFileReference; lastKnownFileType = file.xib; path = MovieCollectionViewCell.xib; sourceTree = "<group>"; };
		175C23D9259FC0750050530B /* MoviesResponse.swift */ = {isa = PBXFileReference; lastKnownFileType = sourcecode.swift; path = MoviesResponse.swift; sourceTree = "<group>"; };
		175C23DB259FC0AC0050530B /* Movie.swift */ = {isa = PBXFileReference; lastKnownFileType = sourcecode.swift; path = Movie.swift; sourceTree = "<group>"; };
		175C23DD259FC4190050530B /* MovieServiceAPI.swift */ = {isa = PBXFileReference; lastKnownFileType = sourcecode.swift; path = MovieServiceAPI.swift; sourceTree = "<group>"; };
		175C23ED25A114BF0050530B /* MovieDetailViewController.swift */ = {isa = PBXFileReference; lastKnownFileType = sourcecode.swift; path = MovieDetailViewController.swift; sourceTree = "<group>"; };
		175C23EE25A114BF0050530B /* MovieDetailViewController.xib */ = {isa = PBXFileReference; lastKnownFileType = file.xib; path = MovieDetailViewController.xib; sourceTree = "<group>"; };
		175C23F125A1BECB0050530B /* MovieDetail.swift */ = {isa = PBXFileReference; lastKnownFileType = sourcecode.swift; path = MovieDetail.swift; sourceTree = "<group>"; };
		175C240325A32D280050530B /* README.md */ = {isa = PBXFileReference; lastKnownFileType = net.daringfireball.markdown; path = README.md; sourceTree = "<group>"; };
/* End PBXFileReference section */

/* Begin PBXFrameworksBuildPhase section */
		175C23B7259E0F220050530B /* Frameworks */ = {
			isa = PBXFrameworksBuildPhase;
			buildActionMask = 2147483647;
			files = (
			);
			runOnlyForDeploymentPostprocessing = 0;
		};
/* End PBXFrameworksBuildPhase section */

/* Begin PBXGroup section */
		173E931A2601503600FADD16 /* Resources */ = {
			isa = PBXGroup;
			children = (
				175C23C6259E0F230050530B /* Assets.xcassets */,
				175C23C8259E0F230050530B /* LaunchScreen.storyboard */,
				175C23CB259E0F230050530B /* Info.plist */,
			);
			path = Resources;
			sourceTree = "<group>";
		};
		173E931C2601505200FADD16 /* Utils */ = {
			isa = PBXGroup;
			children = (
				175C23DD259FC4190050530B /* MovieServiceAPI.swift */,
			);
			path = Utils;
			sourceTree = "<group>";
		};
		173E931E2601507300FADD16 /* Views */ = {
			isa = PBXGroup;
			children = (
				175C23D5259F3B0A0050530B /* MovieCollectionViewCell.swift */,
				175C23D6259F3B0A0050530B /* MovieCollectionViewCell.xib */,
			);
			path = Views;
			sourceTree = "<group>";
		};
		173E9321260150B500FADD16 /* Models */ = {
			isa = PBXGroup;
			children = (
				175C23D9259FC0750050530B /* MoviesResponse.swift */,
				175C23DB259FC0AC0050530B /* Movie.swift */,
				175C23F125A1BECB0050530B /* MovieDetail.swift */,
			);
			path = Models;
			sourceTree = "<group>";
		};
		173E9323260150DB00FADD16 /* Controllers */ = {
			isa = PBXGroup;
			children = (
				175C23D1259F31240050530B /* MoviesListViewController.swift */,
				175C23D2259F31240050530B /* MoviesListViewController.xib */,
				175C23ED25A114BF0050530B /* MovieDetailViewController.swift */,
				175C23EE25A114BF0050530B /* MovieDetailViewController.xib */,
			);
			path = Controllers;
			sourceTree = "<group>";
		};
		173E9324260150F400FADD16 /* AppDelegate */ = {
			isa = PBXGroup;
			children = (
				175C23BD259E0F220050530B /* AppDelegate.swift */,
				175C23BF259E0F220050530B /* SceneDelegate.swift */,
			);
			path = AppDelegate;
			sourceTree = "<group>";
		};
		175C23B1259E0F220050530B = {
			isa = PBXGroup;
			children = (
				175C23BC259E0F220050530B /* SimpleProjectChallenge */,
				175C23BB259E0F220050530B /* Products */,
			);
			sourceTree = "<group>";
		};
		175C23BB259E0F220050530B /* Products */ = {
			isa = PBXGroup;
			children = (
				175C23BA259E0F220050530B /* SimpleProjectChallenge.app */,
			);
			name = Products;
			sourceTree = "<group>";
		};
		175C23BC259E0F220050530B /* SimpleProjectChallenge */ = {
			isa = PBXGroup;
			children = (
				173E9324260150F400FADD16 /* AppDelegate */,
				173E9323260150DB00FADD16 /* Controllers */,
				173E9321260150B500FADD16 /* Models */,
				173E931E2601507300FADD16 /* Views */,
				173E931C2601505200FADD16 /* Utils */,
				173E931A2601503600FADD16 /* Resources */,
				175C240325A32D280050530B /* README.md */,
			);
			path = SimpleProjectChallenge;
			sourceTree = "<group>";
		};
/* End PBXGroup section */

/* Begin PBXNativeTarget section */
		175C23B9259E0F220050530B /* SimpleProjectChallenge */ = {
			isa = PBXNativeTarget;
			buildConfigurationList = 175C23CE259E0F230050530B /* Build configuration list for PBXNativeTarget "SimpleProjectChallenge" */;
			buildPhases = (
				175C23B6259E0F220050530B /* Sources */,
				175C23B7259E0F220050530B /* Frameworks */,
				175C23B8259E0F220050530B /* Resources */,
			);
			buildRules = (
			);
			dependencies = (
			);
			name = SimpleProjectChallenge;
			productName = SimpleProjectChallenge;
			productReference = 175C23BA259E0F220050530B /* SimpleProjectChallenge.app */;
			productType = "com.apple.product-type.application";
		};
/* End PBXNativeTarget section */

/* Begin PBXProject section */
		175C23B2259E0F220050530B /* Project object */ = {
			isa = PBXProject;
			attributes = {
				LastSwiftUpdateCheck = 1130;
				LastUpgradeCheck = 1130;
				ORGANIZATIONNAME = "Bulut Oztemur";
				TargetAttributes = {
					175C23B9259E0F220050530B = {
						CreatedOnToolsVersion = 11.3;
					};
				};
			};
			buildConfigurationList = 175C23B5259E0F220050530B /* Build configuration list for PBXProject "SimpleProjectChallenge" */;
			compatibilityVersion = "Xcode 9.3";
			developmentRegion = en;
			hasScannedForEncodings = 0;
			knownRegions = (
				en,
				Base,
			);
			mainGroup = 175C23B1259E0F220050530B;
			productRefGroup = 175C23BB259E0F220050530B /* Products */;
			projectDirPath = "";
			projectRoot = "";
			targets = (
				175C23B9259E0F220050530B /* SimpleProjectChallenge */,
			);
		};
/* End PBXProject section */

/* Begin PBXResourcesBuildPhase section */
		175C23B8259E0F220050530B /* Resources */ = {
			isa = PBXResourcesBuildPhase;
			buildActionMask = 2147483647;
			files = (
				175C23F025A114BF0050530B /* MovieDetailViewController.xib in Resources */,
				175C23CA259E0F230050530B /* LaunchScreen.storyboard in Resources */,
				175C23C7259E0F230050530B /* Assets.xcassets in Resources */,
				175C23D4259F31240050530B /* MoviesListViewController.xib in Resources */,
				175C23D8259F3B0A0050530B /* MovieCollectionViewCell.xib in Resources */,
			);
			runOnlyForDeploymentPostprocessing = 0;
		};
/* End PBXResourcesBuildPhase section */

/* Begin PBXSourcesBuildPhase section */
		175C23B6259E0F220050530B /* Sources */ = {
			isa = PBXSourcesBuildPhase;
			buildActionMask = 2147483647;
			files = (
				175C23BE259E0F220050530B /* AppDelegate.swift in Sources */,
				175C23DE259FC4190050530B /* MovieServiceAPI.swift in Sources */,
				175C23C0259E0F220050530B /* SceneDelegate.swift in Sources */,
				175C23F225A1BECB0050530B /* MovieDetail.swift in Sources */,
				175C23DC259FC0AC0050530B /* Movie.swift in Sources */,
				175C23EF25A114BF0050530B /* MovieDetailViewController.swift in Sources */,
				175C23DA259FC0750050530B /* MoviesResponse.swift in Sources */,
				175C23D3259F31240050530B /* MoviesListViewController.swift in Sources */,
				175C23D7259F3B0A0050530B /* MovieCollectionViewCell.swift in Sources */,
			);
			runOnlyForDeploymentPostprocessing = 0;
		};
/* End PBXSourcesBuildPhase section */

/* Begin PBXVariantGroup section */
		175C23C8259E0F230050530B /* LaunchScreen.storyboard */ = {
			isa = PBXVariantGroup;
			children = (
				175C23C9259E0F230050530B /* Base */,
			);
			name = LaunchScreen.storyboard;
			sourceTree = "<group>";
		};
/* End PBXVariantGroup section */

/* Begin XCBuildConfiguration section */
		175C23CC259E0F230050530B /* Debug */ = {
			isa = XCBuildConfiguration;
			buildSettings = {
				ALWAYS_SEARCH_USER_PATHS = NO;
				CLANG_ANALYZER_NONNULL = YES;
				CLANG_ANALYZER_NUMBER_OBJECT_CONVERSION = YES_AGGRESSIVE;
				CLANG_CXX_LANGUAGE_STANDARD = "gnu++14";
				CLANG_CXX_LIBRARY = "libc++";
				CLANG_ENABLE_MODULES = YES;
				CLANG_ENABLE_OBJC_ARC = YES;
				CLANG_ENABLE_OBJC_WEAK = YES;
				CLANG_WARN_BLOCK_CAPTURE_AUTORELEASING = YES;
				CLANG_WARN_BOOL_CONVERSION = YES;
				CLANG_WARN_COMMA = YES;
				CLANG_WARN_CONSTANT_CONVERSION = YES;
				CLANG_WARN_DEPRECATED_OBJC_IMPLEMENTATIONS = YES;
				CLANG_WARN_DIRECT_OBJC_ISA_USAGE = YES_ERROR;
				CLANG_WARN_DOCUMENTATION_COMMENTS = YES;
				CLANG_WARN_EMPTY_BODY = YES;
				CLANG_WARN_ENUM_CONVERSION = YES;
				CLANG_WARN_INFINITE_RECURSION = YES;
				CLANG_WARN_INT_CONVERSION = YES;
				CLANG_WARN_NON_LITERAL_NULL_CONVERSION = YES;
				CLANG_WARN_OBJC_IMPLICIT_RETAIN_SELF = YES;
				CLANG_WARN_OBJC_LITERAL_CONVERSION = YES;
				CLANG_WARN_OBJC_ROOT_CLASS = YES_ERROR;
				CLANG_WARN_RANGE_LOOP_ANALYSIS = YES;
				CLANG_WARN_STRICT_PROTOTYPES = YES;
				CLANG_WARN_SUSPICIOUS_MOVE = YES;
				CLANG_WARN_UNGUARDED_AVAILABILITY = YES_AGGRESSIVE;
				CLANG_WARN_UNREACHABLE_CODE = YES;
				CLANG_WARN__DUPLICATE_METHOD_MATCH = YES;
				COPY_PHASE_STRIP = NO;
				DEBUG_INFORMATION_FORMAT = dwarf;
				ENABLE_STRICT_OBJC_MSGSEND = YES;
				ENABLE_TESTABILITY = YES;
				GCC_C_LANGUAGE_STANDARD = gnu11;
				GCC_DYNAMIC_NO_PIC = NO;
				GCC_NO_COMMON_BLOCKS = YES;
				GCC_OPTIMIZATION_LEVEL = 0;
				GCC_PREPROCESSOR_DEFINITIONS = (
					"DEBUG=1",
					"$(inherited)",
				);
				GCC_WARN_64_TO_32_BIT_CONVERSION = YES;
				GCC_WARN_ABOUT_RETURN_TYPE = YES_ERROR;
				GCC_WARN_UNDECLARED_SELECTOR = YES;
				GCC_WARN_UNINITIALIZED_AUTOS = YES_AGGRESSIVE;
				GCC_WARN_UNUSED_FUNCTION = YES;
				GCC_WARN_UNUSED_VARIABLE = YES;
				IPHONEOS_DEPLOYMENT_TARGET = 13.2;
				MTL_ENABLE_DEBUG_INFO = INCLUDE_SOURCE;
				MTL_FAST_MATH = YES;
				ONLY_ACTIVE_ARCH = YES;
				SDKROOT = iphoneos;
				SWIFT_ACTIVE_COMPILATION_CONDITIONS = DEBUG;
				SWIFT_OPTIMIZATION_LEVEL = "-Onone";
			};
			name = Debug;
		};
		175C23CD259E0F230050530B /* Release */ = {
			isa = XCBuildConfiguration;
			buildSettings = {
				ALWAYS_SEARCH_USER_PATHS = NO;
				CLANG_ANALYZER_NONNULL = YES;
				CLANG_ANALYZER_NUMBER_OBJECT_CONVERSION = YES_AGGRESSIVE;
				CLANG_CXX_LANGUAGE_STANDARD = "gnu++14";
				CLANG_CXX_LIBRARY = "libc++";
				CLANG_ENABLE_MODULES = YES;
				CLANG_ENABLE_OBJC_ARC = YES;
				CLANG_ENABLE_OBJC_WEAK = YES;
				CLANG_WARN_BLOCK_CAPTURE_AUTORELEASING = YES;
				CLANG_WARN_BOOL_CONVERSION = YES;
				CLANG_WARN_COMMA = YES;
				CLANG_WARN_CONSTANT_CONVERSION = YES;
				CLANG_WARN_DEPRECATED_OBJC_IMPLEMENTATIONS = YES;
				CLANG_WARN_DIRECT_OBJC_ISA_USAGE = YES_ERROR;
				CLANG_WARN_DOCUMENTATION_COMMENTS = YES;
				CLANG_WARN_EMPTY_BODY = YES;
				CLANG_WARN_ENUM_CONVERSION = YES;
				CLANG_WARN_INFINITE_RECURSION = YES;
				CLANG_WARN_INT_CONVERSION = YES;
				CLANG_WARN_NON_LITERAL_NULL_CONVERSION = YES;
				CLANG_WARN_OBJC_IMPLICIT_RETAIN_SELF = YES;
				CLANG_WARN_OBJC_LITERAL_CONVERSION = YES;
				CLANG_WARN_OBJC_ROOT_CLASS = YES_ERROR;
				CLANG_WARN_RANGE_LOOP_ANALYSIS = YES;
				CLANG_WARN_STRICT_PROTOTYPES = YES;
				CLANG_WARN_SUSPICIOUS_MOVE = YES;
				CLANG_WARN_UNGUARDED_AVAILABILITY = YES_AGGRESSIVE;
				CLANG_WARN_UNREACHABLE_CODE = YES;
				CLANG_WARN__DUPLICATE_METHOD_MATCH = YES;
				COPY_PHASE_STRIP = NO;
				DEBUG_INFORMATION_FORMAT = "dwarf-with-dsym";
				ENABLE_NS_ASSERTIONS = NO;
				ENABLE_STRICT_OBJC_MSGSEND = YES;
				GCC_C_LANGUAGE_STANDARD = gnu11;
				GCC_NO_COMMON_BLOCKS = YES;
				GCC_WARN_64_TO_32_BIT_CONVERSION = YES;
				GCC_WARN_ABOUT_RETURN_TYPE = YES_ERROR;
				GCC_WARN_UNDECLARED_SELECTOR = YES;
				GCC_WARN_UNINITIALIZED_AUTOS = YES_AGGRESSIVE;
				GCC_WARN_UNUSED_FUNCTION = YES;
				GCC_WARN_UNUSED_VARIABLE = YES;
				IPHONEOS_DEPLOYMENT_TARGET = 13.2;
				MTL_ENABLE_DEBUG_INFO = NO;
				MTL_FAST_MATH = YES;
				SDKROOT = iphoneos;
				SWIFT_COMPILATION_MODE = wholemodule;
				SWIFT_OPTIMIZATION_LEVEL = "-O";
				VALIDATE_PRODUCT = YES;
			};
			name = Release;
		};
		175C23CF259E0F230050530B /* Debug */ = {
			isa = XCBuildConfiguration;
			buildSettings = {
				ASSETCATALOG_COMPILER_APPICON_NAME = AppIcon;
				CODE_SIGN_STYLE = Automatic;
				INFOPLIST_FILE = SimpleProjectChallenge/Resources/Info.plist;
				LD_RUNPATH_SEARCH_PATHS = (
					"$(inherited)",
					"@executable_path/Frameworks",
				);
				PRODUCT_BUNDLE_IDENTIFIER = com.bulutoztemur.SimpleProjectChallenge;
				PRODUCT_NAME = "$(TARGET_NAME)";
				SWIFT_VERSION = 5.0;
				TARGETED_DEVICE_FAMILY = "1,2";
			};
			name = Debug;
		};
		175C23D0259E0F230050530B /* Release */ = {
			isa = XCBuildConfiguration;
			buildSettings = {
				ASSETCATALOG_COMPILER_APPICON_NAME = AppIcon;
				CODE_SIGN_STYLE = Automatic;
				INFOPLIST_FILE = SimpleProjectChallenge/Resources/Info.plist;
				LD_RUNPATH_SEARCH_PATHS = (
					"$(inherited)",
					"@executable_path/Frameworks",
				);
				PRODUCT_BUNDLE_IDENTIFIER = com.bulutoztemur.SimpleProjectChallenge;
				PRODUCT_NAME = "$(TARGET_NAME)";
				SWIFT_VERSION = 5.0;
				TARGETED_DEVICE_FAMILY = "1,2";
			};
			name = Release;
		};
/* End XCBuildConfiguration section */

/* Begin XCConfigurationList section */
		175C23B5259E0F220050530B /* Build configuration list for PBXProject "SimpleProjectChallenge" */ = {
			isa = XCConfigurationList;
			buildConfigurations = (
				175C23CC259E0F230050530B /* Debug */,
				175C23CD259E0F230050530B /* Release */,
			);
			defaultConfigurationIsVisible = 0;
			defaultConfigurationName = Release;
		};
		175C23CE259E0F230050530B /* Build configuration list for PBXNativeTarget "SimpleProjectChallenge" */ = {
			isa = XCConfigurationList;
			buildConfigurations = (
				175C23CF259E0F230050530B /* Debug */,
				175C23D0259E0F230050530B /* Release */,
			);
			defaultConfigurationIsVisible = 0;
			defaultConfigurationName = Release;
		};
/* End XCConfigurationList section */
	};
	rootObject = 175C23B2259E0F220050530B /* Project object */;
}
